PODS:
  - AFNetworking (2.5.3):
    - AFNetworking/NSURLConnection (= 2.5.3)
    - AFNetworking/NSURLSession (= 2.5.3)
    - AFNetworking/Reachability (= 2.5.3)
    - AFNetworking/Security (= 2.5.3)
    - AFNetworking/Serialization (= 2.5.3)
    - AFNetworking/UIKit (= 2.5.3)
  - AFNetworking/NSURLConnection (2.5.3):
    - AFNetworking/Reachability
    - AFNetworking/Security
    - AFNetworking/Serialization
  - AFNetworking/NSURLSession (2.5.3):
    - AFNetworking/Reachability
    - AFNetworking/Security
    - AFNetworking/Serialization
  - AFNetworking/Reachability (2.5.3)
  - AFNetworking/Security (2.5.3)
  - AFNetworking/Serialization (2.5.3)
  - AFNetworking/UIKit (2.5.3):
    - AFNetworking/NSURLConnection
    - AFNetworking/NSURLSession
  - Mantle (2.0):
    - Mantle/extobjc (= 2.0)
  - Mantle/extobjc (2.0)
  - React (0.4.1):
    - React/Core (= 0.4.1)
  - React/Core (0.4.1)
  - React/RCTNetwork (0.4.1):
    - React/Core
  - React/RCTText (0.4.1):
    - React/Core
  - React/RCTWebSocketDebugger (0.4.1):
    - React/Core
  - TMCache (2.0.0)

DEPENDENCIES:
  - AFNetworking (~> 2.5)
  - Mantle (~> 2.0)
  - React
  - React/RCTNetwork
  - React/RCTText
  - React/RCTWebSocketDebugger
  - TMCache (~> 2.0)

SPEC CHECKSUMS:
  AFNetworking: e1d86c2a96bb5d2e7408da36149806706ee122fe
  Mantle: 17de73ef929db2234d76fde2aacfb89ab11c61e8
  React: 8574061eabd2b790dd366403345ab1b0be4c0f19
  TMCache: 126b131e986f359be95c50d4816661b64f43f98c

COCOAPODS: 0.36.3
