// !$*UTF8*$!
{
	archiveVersion = 1;
	classes = {
	};
	objectVersion = 46;
	objects = {

/* Begin PBXBuildFile section */
		5B3233931AF670540070B5AB /* main.m in Sources */ = {isa = PBXBuildFile; fileRef = 5B3233921AF670540070B5AB /* main.m */; };
		5B3233961AF670540070B5AB /* AppDelegate.m in Sources */ = {isa = PBXBuildFile; fileRef = 5B3233951AF670540070B5AB /* AppDelegate.m */; };
		5B32339E1AF670540070B5AB /* Images.xcassets in Resources */ = {isa = PBXBuildFile; fileRef = 5B32339D1AF670540070B5AB /* Images.xcassets */; };
		5B3233A11AF670540070B5AB /* LaunchScreen.xib in Resources */ = {isa = PBXBuildFile; fileRef = 5B32339F1AF670540070B5AB /* LaunchScreen.xib */; };
		5B3233AD1AF670540070B5AB /* RealPolishTests.m in Sources */ = {isa = PBXBuildFile; fileRef = 5B3233AC1AF670540070B5AB /* RealPolishTests.m */; };
		5BFEA4C21AF6C31A0058BDE1 /* RPLessonsManager.m in Sources */ = {isa = PBXBuildFile; fileRef = 5BFEA4C11AF6C31A0058BDE1 /* RPLessonsManager.m */; };
		5BFEA4C61AF6C4270058BDE1 /* RPLesson.m in Sources */ = {isa = PBXBuildFile; fileRef = 5BFEA4C51AF6C4270058BDE1 /* RPLesson.m */; };
		EDCA105B3D8A6CD417C8802D /* libPods-RealPolish.a in Frameworks */ = {isa = PBXBuildFile; fileRef = 4988DD1BEEEC7B7C4EAAEACA /* libPods-RealPolish.a */; };
/* End PBXBuildFile section */

/* Begin PBXContainerItemProxy section */
		5B3233A71AF670540070B5AB /* PBXContainerItemProxy */ = {
			isa = PBXContainerItemProxy;
			containerPortal = 5B3233851AF670540070B5AB /* Project object */;
			proxyType = 1;
			remoteGlobalIDString = 5B32338C1AF670540070B5AB;
			remoteInfo = RealPolish;
		};
/* End PBXContainerItemProxy section */

/* Begin PBXFileReference section */
		2F4D3F7486148E371C4506F5 /* Pods-RealPolish.release.xcconfig */ = {isa = PBXFileReference; includeInIndex = 1; lastKnownFileType = text.xcconfig; name = "Pods-RealPolish.release.xcconfig"; path = "Pods/Target Support Files/Pods-RealPolish/Pods-RealPolish.release.xcconfig"; sourceTree = "<group>"; };
		4988DD1BEEEC7B7C4EAAEACA /* libPods-RealPolish.a */ = {isa = PBXFileReference; explicitFileType = archive.ar; includeInIndex = 0; path = "libPods-RealPolish.a"; sourceTree = BUILT_PRODUCTS_DIR; };
		5B32338D1AF670540070B5AB /* RealPolish.app */ = {isa = PBXFileReference; explicitFileType = wrapper.application; includeInIndex = 0; path = RealPolish.app; sourceTree = BUILT_PRODUCTS_DIR; };
		5B3233911AF670540070B5AB /* Info.plist */ = {isa = PBXFileReference; lastKnownFileType = text.plist.xml; path = Info.plist; sourceTree = "<group>"; };
		5B3233921AF670540070B5AB /* main.m */ = {isa = PBXFileReference; lastKnownFileType = sourcecode.c.objc; path = main.m; sourceTree = "<group>"; };
		5B3233941AF670540070B5AB /* AppDelegate.h */ = {isa = PBXFileReference; lastKnownFileType = sourcecode.c.h; path = AppDelegate.h; sourceTree = "<group>"; };
		5B3233951AF670540070B5AB /* AppDelegate.m */ = {isa = PBXFileReference; lastKnownFileType = sourcecode.c.objc; path = AppDelegate.m; sourceTree = "<group>"; };
		5B32339D1AF670540070B5AB /* Images.xcassets */ = {isa = PBXFileReference; lastKnownFileType = folder.assetcatalog; path = Images.xcassets; sourceTree = "<group>"; };
		5B3233A01AF670540070B5AB /* Base */ = {isa = PBXFileReference; lastKnownFileType = file.xib; name = Base; path = Base.lproj/LaunchScreen.xib; sourceTree = "<group>"; };
		5B3233A61AF670540070B5AB /* RealPolishTests.xctest */ = {isa = PBXFileReference; explicitFileType = wrapper.cfbundle; includeInIndex = 0; path = RealPolishTests.xctest; sourceTree = BUILT_PRODUCTS_DIR; };
		5B3233AB1AF670540070B5AB /* Info.plist */ = {isa = PBXFileReference; lastKnownFileType = text.plist.xml; path = Info.plist; sourceTree = "<group>"; };
		5B3233AC1AF670540070B5AB /* RealPolishTests.m */ = {isa = PBXFileReference; lastKnownFileType = sourcecode.c.objc; path = RealPolishTests.m; sourceTree = "<group>"; };
		5B7C1F541AFEB15500517E5E /* RealPolish-Prefix.pch */ = {isa = PBXFileReference; fileEncoding = 4; lastKnownFileType = sourcecode.c.h; path = "RealPolish-Prefix.pch"; sourceTree = "<group>"; };
		5BFEA4C01AF6C31A0058BDE1 /* RPLessonsManager.h */ = {isa = PBXFileReference; fileEncoding = 4; lastKnownFileType = sourcecode.c.h; path = RPLessonsManager.h; sourceTree = "<group>"; };
		5BFEA4C11AF6C31A0058BDE1 /* RPLessonsManager.m */ = {isa = PBXFileReference; fileEncoding = 4; lastKnownFileType = sourcecode.c.objc; path = RPLessonsManager.m; sourceTree = "<group>"; };
		5BFEA4C41AF6C4270058BDE1 /* RPLesson.h */ = {isa = PBXFileReference; fileEncoding = 4; lastKnownFileType = sourcecode.c.h; path = RPLesson.h; sourceTree = "<group>"; };
		5BFEA4C51AF6C4270058BDE1 /* RPLesson.m */ = {isa = PBXFileReference; fileEncoding = 4; lastKnownFileType = sourcecode.c.objc; path = RPLesson.m; sourceTree = "<group>"; };
		9ABF40ADABA8A6C86F61D91F /* Pods-RealPolish.debug.xcconfig */ = {isa = PBXFileReference; includeInIndex = 1; lastKnownFileType = text.xcconfig; name = "Pods-RealPolish.debug.xcconfig"; path = "Pods/Target Support Files/Pods-RealPolish/Pods-RealPolish.debug.xcconfig"; sourceTree = "<group>"; };
/* End PBXFileReference section */

/* Begin PBXFrameworksBuildPhase section */
		5B32338A1AF670540070B5AB /* Frameworks */ = {
			isa = PBXFrameworksBuildPhase;
			buildActionMask = 2147483647;
			files = (
				EDCA105B3D8A6CD417C8802D /* libPods-RealPolish.a in Frameworks */,
			);
			runOnlyForDeploymentPostprocessing = 0;
		};
		5B3233A31AF670540070B5AB /* Frameworks */ = {
			isa = PBXFrameworksBuildPhase;
			buildActionMask = 2147483647;
			files = (
			);
			runOnlyForDeploymentPostprocessing = 0;
		};
/* End PBXFrameworksBuildPhase section */

/* Begin PBXGroup section */
		5B3233841AF670540070B5AB = {
			isa = PBXGroup;
			children = (
				5B32338F1AF670540070B5AB /* RealPolish */,
				5B3233A91AF670540070B5AB /* RealPolishTests */,
				5B32338E1AF670540070B5AB /* Products */,
				A72064CBA267C6E487018055 /* Pods */,
				AA1CC86EAD68177DCA5C4D68 /* Frameworks */,
			);
			sourceTree = "<group>";
		};
		5B32338E1AF670540070B5AB /* Products */ = {
			isa = PBXGroup;
			children = (
				5B32338D1AF670540070B5AB /* RealPolish.app */,
				5B3233A61AF670540070B5AB /* RealPolishTests.xctest */,
			);
			name = Products;
			sourceTree = "<group>";
		};
		5B32338F1AF670540070B5AB /* RealPolish */ = {
			isa = PBXGroup;
			children = (
				5BFEA4C31AF6C4070058BDE1 /* Models */,
				5BFEA4BF1AF6C30A0058BDE1 /* Modules */,
				5B3233941AF670540070B5AB /* AppDelegate.h */,
				5B3233951AF670540070B5AB /* AppDelegate.m */,
				5B32339D1AF670540070B5AB /* Images.xcassets */,
				5B32339F1AF670540070B5AB /* LaunchScreen.xib */,
				5B3233901AF670540070B5AB /* Supporting Files */,
			);
			path = RealPolish;
			sourceTree = "<group>";
		};
		5B3233901AF670540070B5AB /* Supporting Files */ = {
			isa = PBXGroup;
			children = (
				5B3233911AF670540070B5AB /* Info.plist */,
				5B3233921AF670540070B5AB /* main.m */,
				5B7C1F541AFEB15500517E5E /* RealPolish-Prefix.pch */,
			);
			name = "Supporting Files";
			sourceTree = "<group>";
		};
		5B3233A91AF670540070B5AB /* RealPolishTests */ = {
			isa = PBXGroup;
			children = (
				5B3233AC1AF670540070B5AB /* RealPolishTests.m */,
				5B3233AA1AF670540070B5AB /* Supporting Files */,
			);
			path = RealPolishTests;
			sourceTree = "<group>";
		};
		5B3233AA1AF670540070B5AB /* Supporting Files */ = {
			isa = PBXGroup;
			children = (
				5B3233AB1AF670540070B5AB /* Info.plist */,
			);
			name = "Supporting Files";
			sourceTree = "<group>";
		};
		5BFEA4BF1AF6C30A0058BDE1 /* Modules */ = {
			isa = PBXGroup;
			children = (
				5BFEA4C01AF6C31A0058BDE1 /* RPLessonsManager.h */,
				5BFEA4C11AF6C31A0058BDE1 /* RPLessonsManager.m */,
			);
			path = Modules;
			sourceTree = "<group>";
		};
		5BFEA4C31AF6C4070058BDE1 /* Models */ = {
			isa = PBXGroup;
			children = (
				5BFEA4C41AF6C4270058BDE1 /* RPLesson.h */,
				5BFEA4C51AF6C4270058BDE1 /* RPLesson.m */,
			);
			path = Models;
			sourceTree = "<group>";
		};
		A72064CBA267C6E487018055 /* Pods */ = {
			isa = PBXGroup;
			children = (
				9ABF40ADABA8A6C86F61D91F /* Pods-RealPolish.debug.xcconfig */,
				2F4D3F7486148E371C4506F5 /* Pods-RealPolish.release.xcconfig */,
			);
			name = Pods;
			sourceTree = "<group>";
		};
		AA1CC86EAD68177DCA5C4D68 /* Frameworks */ = {
			isa = PBXGroup;
			children = (
				4988DD1BEEEC7B7C4EAAEACA /* libPods-RealPolish.a */,
			);
			name = Frameworks;
			sourceTree = "<group>";
		};
/* End PBXGroup section */

/* Begin PBXNativeTarget section */
		5B32338C1AF670540070B5AB /* RealPolish */ = {
			isa = PBXNativeTarget;
			buildConfigurationList = 5B3233B01AF670540070B5AB /* Build configuration list for PBXNativeTarget "RealPolish" */;
			buildPhases = (
				5B3233C21AF685A40070B5AB /* ShellScript */,
				E07C3ABC5F92F062496441DF /* Check Pods Manifest.lock */,
				5B3233891AF670540070B5AB /* Sources */,
				5B32338A1AF670540070B5AB /* Frameworks */,
				5B32338B1AF670540070B5AB /* Resources */,
				146D43F7DA0EAEC00BA96C94 /* Copy Pods Resources */,
			);
			buildRules = (
			);
			dependencies = (
			);
			name = RealPolish;
			productName = RealPolish;
			productReference = 5B32338D1AF670540070B5AB /* RealPolish.app */;
			productType = "com.apple.product-type.application";
		};
		5B3233A51AF670540070B5AB /* RealPolishTests */ = {
			isa = PBXNativeTarget;
			buildConfigurationList = 5B3233B31AF670540070B5AB /* Build configuration list for PBXNativeTarget "RealPolishTests" */;
			buildPhases = (
				5B3233A21AF670540070B5AB /* Sources */,
				5B3233A31AF670540070B5AB /* Frameworks */,
				5B3233A41AF670540070B5AB /* Resources */,
			);
			buildRules = (
			);
			dependencies = (
				5B3233A81AF670540070B5AB /* PBXTargetDependency */,
			);
			name = RealPolishTests;
			productName = RealPolishTests;
			productReference = 5B3233A61AF670540070B5AB /* RealPolishTests.xctest */;
			productType = "com.apple.product-type.bundle.unit-test";
		};
/* End PBXNativeTarget section */

/* Begin PBXProject section */
		5B3233851AF670540070B5AB /* Project object */ = {
			isa = PBXProject;
			attributes = {
				LastUpgradeCheck = 0630;
				ORGANIZATIONNAME = "Martin Moizard";
				TargetAttributes = {
					5B32338C1AF670540070B5AB = {
						CreatedOnToolsVersion = 6.3.1;
					};
					5B3233A51AF670540070B5AB = {
						CreatedOnToolsVersion = 6.3.1;
						TestTargetID = 5B32338C1AF670540070B5AB;
					};
				};
			};
			buildConfigurationList = 5B3233881AF670540070B5AB /* Build configuration list for PBXProject "RealPolish" */;
			compatibilityVersion = "Xcode 3.2";
			developmentRegion = English;
			hasScannedForEncodings = 0;
			knownRegions = (
				en,
				Base,
			);
			mainGroup = 5B3233841AF670540070B5AB;
			productRefGroup = 5B32338E1AF670540070B5AB /* Products */;
			projectDirPath = "";
			projectRoot = "";
			targets = (
				5B32338C1AF670540070B5AB /* RealPolish */,
				5B3233A51AF670540070B5AB /* RealPolishTests */,
			);
		};
/* End PBXProject section */

/* Begin PBXResourcesBuildPhase section */
		5B32338B1AF670540070B5AB /* Resources */ = {
			isa = PBXResourcesBuildPhase;
			buildActionMask = 2147483647;
			files = (
				5B3233A11AF670540070B5AB /* LaunchScreen.xib in Resources */,
				5B32339E1AF670540070B5AB /* Images.xcassets in Resources */,
			);
			runOnlyForDeploymentPostprocessing = 0;
		};
		5B3233A41AF670540070B5AB /* Resources */ = {
			isa = PBXResourcesBuildPhase;
			buildActionMask = 2147483647;
			files = (
			);
			runOnlyForDeploymentPostprocessing = 0;
		};
/* End PBXResourcesBuildPhase section */

/* Begin PBXShellScriptBuildPhase section */
		146D43F7DA0EAEC00BA96C94 /* Copy Pods Resources */ = {
			isa = PBXShellScriptBuildPhase;
			buildActionMask = 2147483647;
			files = (
			);
			inputPaths = (
			);
			name = "Copy Pods Resources";
			outputPaths = (
			);
			runOnlyForDeploymentPostprocessing = 0;
			shellPath = /bin/sh;
			shellScript = "\"${SRCROOT}/Pods/Target Support Files/Pods-RealPolish/Pods-RealPolish-resources.sh\"\n";
			showEnvVarsInLog = 0;
		};
		5B3233C21AF685A40070B5AB /* ShellScript */ = {
			isa = PBXShellScriptBuildPhase;
			buildActionMask = 2147483647;
			files = (
			);
			inputPaths = (
			);
			outputPaths = (
			);
			runOnlyForDeploymentPostprocessing = 0;
			shellPath = /bin/sh;
			shellScript = "if nc -w 5 -z localhost 8081 ; then\nif ! curl -s \"http://localhost:8081/status\" | grep -q \"packager-status:running\" ; then\necho \"Port 8081 already in use, packager is either not running or not running correctly\"\nexit 2\nfi\nelse\n    open $SRCROOT/../node_modules/react-native/packager/launchPackager.command || echo \"Can't start packager automatically\"\nfi";
		};
		E07C3ABC5F92F062496441DF /* Check Pods Manifest.lock */ = {
			isa = PBXShellScriptBuildPhase;
			buildActionMask = 2147483647;
			files = (
			);
			inputPaths = (
			);
			name = "Check Pods Manifest.lock";
			outputPaths = (
			);
			runOnlyForDeploymentPostprocessing = 0;
			shellPath = /bin/sh;
			shellScript = "diff \"${PODS_ROOT}/../Podfile.lock\" \"${PODS_ROOT}/Manifest.lock\" > /dev/null\nif [[ $? != 0 ]] ; then\n    cat << EOM\nerror: The sandbox is not in sync with the Podfile.lock. Run 'pod install' or update your CocoaPods installation.\nEOM\n    exit 1\nfi\n";
			showEnvVarsInLog = 0;
		};
/* End PBXShellScriptBuildPhase section */

/* Begin PBXSourcesBuildPhase section */
		5B3233891AF670540070B5AB /* Sources */ = {
			isa = PBXSourcesBuildPhase;
			buildActionMask = 2147483647;
			files = (
				5B3233961AF670540070B5AB /* AppDelegate.m in Sources */,
				5B3233931AF670540070B5AB /* main.m in Sources */,
				5BFEA4C21AF6C31A0058BDE1 /* RPLessonsManager.m in Sources */,
				5BFEA4C61AF6C4270058BDE1 /* RPLesson.m in Sources */,
			);
			runOnlyForDeploymentPostprocessing = 0;
		};
		5B3233A21AF670540070B5AB /* Sources */ = {
			isa = PBXSourcesBuildPhase;
			buildActionMask = 2147483647;
			files = (
				5B3233AD1AF670540070B5AB /* RealPolishTests.m in Sources */,
			);
			runOnlyForDeploymentPostprocessing = 0;
		};
/* End PBXSourcesBuildPhase section */

/* Begin PBXTargetDependency section */
		5B3233A81AF670540070B5AB /* PBXTargetDependency */ = {
			isa = PBXTargetDependency;
			target = 5B32338C1AF670540070B5AB /* RealPolish */;
			targetProxy = 5B3233A71AF670540070B5AB /* PBXContainerItemProxy */;
		};
/* End PBXTargetDependency section */

/* Begin PBXVariantGroup section */
		5B32339F1AF670540070B5AB /* LaunchScreen.xib */ = {
			isa = PBXVariantGroup;
			children = (
				5B3233A01AF670540070B5AB /* Base */,
			);
			name = LaunchScreen.xib;
			sourceTree = "<group>";
		};
/* End PBXVariantGroup section */

/* Begin XCBuildConfiguration section */
		5B3233AE1AF670540070B5AB /* Debug */ = {
			isa = XCBuildConfiguration;
			buildSettings = {
				ALWAYS_SEARCH_USER_PATHS = NO;
				CLANG_CXX_LANGUAGE_STANDARD = "gnu++0x";
				CLANG_CXX_LIBRARY = "libc++";
				CLANG_ENABLE_MODULES = YES;
				CLANG_ENABLE_OBJC_ARC = YES;
				CLANG_WARN_BOOL_CONVERSION = YES;
				CLANG_WARN_CONSTANT_CONVERSION = YES;
				CLANG_WARN_DIRECT_OBJC_ISA_USAGE = YES_ERROR;
				CLANG_WARN_EMPTY_BODY = YES;
				CLANG_WARN_ENUM_CONVERSION = YES;
				CLANG_WARN_INT_CONVERSION = YES;
				CLANG_WARN_OBJC_ROOT_CLASS = YES_ERROR;
				CLANG_WARN_UNREACHABLE_CODE = YES;
				CLANG_WARN__DUPLICATE_METHOD_MATCH = YES;
				"CODE_SIGN_IDENTITY[sdk=iphoneos*]" = "iPhone Developer";
				COPY_PHASE_STRIP = NO;
				DEBUG_INFORMATION_FORMAT = "dwarf-with-dsym";
				ENABLE_STRICT_OBJC_MSGSEND = YES;
				GCC_C_LANGUAGE_STANDARD = gnu99;
				GCC_DYNAMIC_NO_PIC = NO;
				GCC_NO_COMMON_BLOCKS = YES;
				GCC_OPTIMIZATION_LEVEL = 0;
				GCC_PREPROCESSOR_DEFINITIONS = (
					"DEBUG=1",
					"$(inherited)",
				);
				GCC_SYMBOLS_PRIVATE_EXTERN = NO;
				GCC_WARN_64_TO_32_BIT_CONVERSION = YES;
				GCC_WARN_ABOUT_RETURN_TYPE = YES_ERROR;
				GCC_WARN_UNDECLARED_SELECTOR = YES;
				GCC_WARN_UNINITIALIZED_AUTOS = YES_AGGRESSIVE;
				GCC_WARN_UNUSED_FUNCTION = YES;
				GCC_WARN_UNUSED_VARIABLE = YES;
				IPHONEOS_DEPLOYMENT_TARGET = 8.3;
				MTL_ENABLE_DEBUG_INFO = YES;
				ONLY_ACTIVE_ARCH = YES;
				SDKROOT = iphoneos;
			};
			name = Debug;
		};
		5B3233AF1AF670540070B5AB /* Release */ = {
			isa = XCBuildConfiguration;
			buildSettings = {
				ALWAYS_SEARCH_USER_PATHS = NO;
				CLANG_CXX_LANGUAGE_STANDARD = "gnu++0x";
				CLANG_CXX_LIBRARY = "libc++";
				CLANG_ENABLE_MODULES = YES;
				CLANG_ENABLE_OBJC_ARC = YES;
				CLANG_WARN_BOOL_CONVERSION = YES;
				CLANG_WARN_CONSTANT_CONVERSION = YES;
				CLANG_WARN_DIRECT_OBJC_ISA_USAGE = YES_ERROR;
				CLANG_WARN_EMPTY_BODY = YES;
				CLANG_WARN_ENUM_CONVERSION = YES;
				CLANG_WARN_INT_CONVERSION = YES;
				CLANG_WARN_OBJC_ROOT_CLASS = YES_ERROR;
				CLANG_WARN_UNREACHABLE_CODE = YES;
				CLANG_WARN__DUPLICATE_METHOD_MATCH = YES;
				"CODE_SIGN_IDENTITY[sdk=iphoneos*]" = "iPhone Developer";
				COPY_PHASE_STRIP = NO;
				DEBUG_INFORMATION_FORMAT = "dwarf-with-dsym";
				ENABLE_NS_ASSERTIONS = NO;
				ENABLE_STRICT_OBJC_MSGSEND = YES;
				GCC_C_LANGUAGE_STANDARD = gnu99;
				GCC_NO_COMMON_BLOCKS = YES;
				GCC_WARN_64_TO_32_BIT_CONVERSION = YES;
				GCC_WARN_ABOUT_RETURN_TYPE = YES_ERROR;
				GCC_WARN_UNDECLARED_SELECTOR = YES;
				GCC_WARN_UNINITIALIZED_AUTOS = YES_AGGRESSIVE;
				GCC_WARN_UNUSED_FUNCTION = YES;
				GCC_WARN_UNUSED_VARIABLE = YES;
				IPHONEOS_DEPLOYMENT_TARGET = 8.3;
				MTL_ENABLE_DEBUG_INFO = NO;
				SDKROOT = iphoneos;
				VALIDATE_PRODUCT = YES;
			};
			name = Release;
		};
		5B3233B11AF670540070B5AB /* Debug */ = {
			isa = XCBuildConfiguration;
			baseConfigurationReference = 9ABF40ADABA8A6C86F61D91F /* Pods-RealPolish.debug.xcconfig */;
			buildSettings = {
				ASSETCATALOG_COMPILER_APPICON_NAME = AppIcon;
				GCC_PREFIX_HEADER = "RealPolish/RealPolish-Prefix.pch";
				INFOPLIST_FILE = RealPolish/Info.plist;
				LD_RUNPATH_SEARCH_PATHS = "$(inherited) @executable_path/Frameworks";
				PRODUCT_NAME = "$(TARGET_NAME)";
			};
			name = Debug;
		};
		5B3233B21AF670540070B5AB /* Release */ = {
			isa = XCBuildConfiguration;
			baseConfigurationReference = 2F4D3F7486148E371C4506F5 /* Pods-RealPolish.release.xcconfig */;
			buildSettings = {
				ASSETCATALOG_COMPILER_APPICON_NAME = AppIcon;
				GCC_PREFIX_HEADER = "RealPolish/RealPolish-Prefix.pch";
				INFOPLIST_FILE = RealPolish/Info.plist;
				LD_RUNPATH_SEARCH_PATHS = "$(inherited) @executable_path/Frameworks";
				PRODUCT_NAME = "$(TARGET_NAME)";
			};
			name = Release;
		};
		5B3233B41AF670540070B5AB /* Debug */ = {
			isa = XCBuildConfiguration;
			buildSettings = {
				BUNDLE_LOADER = "$(TEST_HOST)";
				FRAMEWORK_SEARCH_PATHS = (
					"$(SDKROOT)/Developer/Library/Frameworks",
					"$(inherited)",
				);
				GCC_PREPROCESSOR_DEFINITIONS = (
					"DEBUG=1",
					"$(inherited)",
				);
				INFOPLIST_FILE = RealPolishTests/Info.plist;
				LD_RUNPATH_SEARCH_PATHS = "$(inherited) @executable_path/Frameworks @loader_path/Frameworks";
				PRODUCT_NAME = "$(TARGET_NAME)";
				TEST_HOST = "$(BUILT_PRODUCTS_DIR)/RealPolish.app/RealPolish";
			};
			name = Debug;
		};
		5B3233B51AF670540070B5AB /* Release */ = {
			isa = XCBuildConfiguration;
			buildSettings = {
				BUNDLE_LOADER = "$(TEST_HOST)";
				FRAMEWORK_SEARCH_PATHS = (
					"$(SDKROOT)/Developer/Library/Frameworks",
					"$(inherited)",
				);
				INFOPLIST_FILE = RealPolishTests/Info.plist;
				LD_RUNPATH_SEARCH_PATHS = "$(inherited) @executable_path/Frameworks @loader_path/Frameworks";
				PRODUCT_NAME = "$(TARGET_NAME)";
				TEST_HOST = "$(BUILT_PRODUCTS_DIR)/RealPolish.app/RealPolish";
			};
			name = Release;
		};
/* End XCBuildConfiguration section */

/* Begin XCConfigurationList section */
		5B3233881AF670540070B5AB /* Build configuration list for PBXProject "RealPolish" */ = {
			isa = XCConfigurationList;
			buildConfigurations = (
				5B3233AE1AF670540070B5AB /* Debug */,
				5B3233AF1AF670540070B5AB /* Release */,
			);
			defaultConfigurationIsVisible = 0;
			defaultConfigurationName = Release;
		};
		5B3233B01AF670540070B5AB /* Build configuration list for PBXNativeTarget "RealPolish" */ = {
			isa = XCConfigurationList;
			buildConfigurations = (
				5B3233B11AF670540070B5AB /* Debug */,
				5B3233B21AF670540070B5AB /* Release */,
			);
			defaultConfigurationIsVisible = 0;
			defaultConfigurationName = Release;
		};
		5B3233B31AF670540070B5AB /* Build configuration list for PBXNativeTarget "RealPolishTests" */ = {
			isa = XCConfigurationList;
			buildConfigurations = (
				5B3233B41AF670540070B5AB /* Debug */,
				5B3233B51AF670540070B5AB /* Release */,
			);
			defaultConfigurationIsVisible = 0;
			defaultConfigurationName = Release;
		};
/* End XCConfigurationList section */
	};
	rootObject = 5B3233851AF670540070B5AB /* Project object */;
}
